# This file is automatically @generated by Poetry 1.7.1 and should not be changed by hand.

[[package]]
name = "common-utils"
version = "0.1.0"
description = ""
optional = false
python-versions = "^3.11"
files = []
develop = true

[package.source]
type = "directory"
url = "../../libs/common-utils"

[[package]]
name = "database-utils"
version = "0.1.0"
description = ""
optional = false
python-versions = "^3.11"
files = []
develop = true

[package.source]
type = "directory"
url = "../../libs/database-utils"

[metadata]
lock-version = "2.0"
python-versions = "^3.11"
content-hash = "f08c4d6b6202cea79bd2c3d6683f129d0752137f9aa232b569ea8c1e0ecf7327"
