# This file is automatically @generated by Poetry 1.7.1 and should not be changed by hand.

[[package]]
name = "common-utils"
version = "0.1.0"
description = ""
optional = false
python-versions = "^3.11"
files = []
develop = false

[package.source]
type = "directory"
url = "../common-utils"

[[package]]
name = "database-utils"
version = "0.1.0"
description = ""
optional = false
python-versions = "^3.11"
files = []
develop = false

[package.source]
type = "directory"
url = "../database-utils"

[metadata]
lock-version = "2.0"
python-versions = "^3.11"
content-hash = "68a210e76b00c031f668161977fe95938c37aa80f29185c2fb15e8e1b77bbd79"
